
Microsoft Visual Studio Solution File, Format Version 12.00
Project("{FAE04EC0-301F-11D3-BF4B-00C04F79EFBC}") = "Merge Strings Alternately", "Merge Strings Alternately\Merge Strings Alternately.csproj", "{ACFF3F8E-9838-4272-A76D-CB03F9AA8C80}"
EndProject
Global
	GlobalSection(SolutionConfigurationPlatforms) = preSolution
		Debug|Any CPU = Debug|Any CPU
		Release|Any CPU = Release|Any CPU
	EndGlobalSection
	GlobalSection(ProjectConfigurationPlatforms) = postSolution
		{ACFF3F8E-9838-4272-A76D-CB03F9AA8C80}.Debug|Any CPU.ActiveCfg = Debug|Any CPU
		{ACFF3F8E-9838-4272-A76D-CB03F9AA8C80}.Debug|Any CPU.Build.0 = Debug|Any CPU
		{ACFF3F8E-9838-4272-A76D-CB03F9AA8C80}.Release|Any CPU.ActiveCfg = Release|Any CPU
		{ACFF3F8E-9838-4272-A76D-CB03F9AA8C80}.Release|Any CPU.Build.0 = Release|Any CPU
	EndGlobalSection
EndGlobal
